schema: '2.0'
stages:
  get_data:
    cmd: python scripts/data.py
    deps:
    - path: scripts/data.py
      hash: md5
      md5: 0cb91ccf334d3a8c724bcfb33d59cc59
      size: 1495
    params:
      params.yaml:
        index_col: customer_id
    outs:
    - path: data/initial_data.csv
      hash: md5
      md5: eb274a7e27a111212fe5859a42858f9b
      size: 683534
      cloud:
        my_storage:
          etag: eb274a7e27a111212fe5859a42858f9b
          version_id: 000649F0F14996FF
  fit_model:
    cmd: python scripts/fit.py
    deps:
    - path: data/initial_data.csv
      hash: md5
      md5: eb274a7e27a111212fe5859a42858f9b
      size: 683534
    - path: scripts/fit.py
      hash: md5
      md5: afb5a11e4f236b2bf3c9522f4352dbda
      size: 1728
    params:
      params.yaml:
        C: 1
        index_col: customer_id
        one_hot_drop: if_binary
        penalty: l2
        target_col: target
    outs:
    - path: models/fitted_model.pkl
      hash: md5
      md5: aba6c6b06fc79f09d79898c4572fb32f
      size: 10990
  evaluate_model:
    cmd: python scripts/evaluate.py
    deps:
    - path: models/fitted_model.pkl
      hash: md5
      md5: aba6c6b06fc79f09d79898c4572fb32f
      size: 10990
    - path: scripts/evaluate.py
      hash: md5
      md5: 7409d836421363c253ec5b50b287a6c0
      size: 1408
    params:
      params.yaml:
        index_col: customer_id
        metrics:
        - f1
        - roc_auc
        n_jobs: -1
        n_splits: 5
        target_col: target
    outs:
    - path: cv_results/cv_res.json
      hash: md5
      md5: bae7db1c0a455f1faffe9cf6877f100b
      size: 76
